# THIS IS AN AUTOGENERATED FILE. DO NOT EDIT THIS FILE DIRECTLY.
# yarn lockfile v1


"@types/web-bluetooth@^0.0.21":
  version "0.0.21"
  resolved "https://registry.yarnpkg.com/@types/web-bluetooth/-/web-bluetooth-0.0.21.tgz#525433c784aed9b457aaa0ee3d92aeb71f346b63"
  integrity sha512-oIQLCGWtcFZy2JW77j9k8nHzAOpqMHLQejDA48XXMWH6tjCQHz5RCFz1bzsmROyL6PUm+LLnUiI4BCn221inxA==

"@vueuse/core@^14.1.0":
  version "14.4.0"
  resolved "https://registry.yarnpkg.com/@vueuse/core/-/core-14.4.0.tgz#a841da6b3c7d548bdeed5bf611e73f3de62d20fa"
  integrity sha512-X4WHz1HlCzCBoYXesUkifzzWBAcZgXG8Fi5iNPQg/epdzOB3gu8Fawj3hvuwYR1nGcXGnvxwYYcUC/71++svtQ==
  dependencies:
    "@types/web-bluetooth" "^0.0.21"
    "@vueuse/metadata" "14.4.0"
    "@vueuse/shared" "14.4.0"

"@vueuse/metadata@14.4.0":
  version "14.4.0"
  resolved "https://registry.yarnpkg.com/@vueuse/metadata/-/metadata-14.4.0.tgz#a2508499b803bac14775a9c9b852b8738fc16f98"
  integrity sha512-swx/255R6JyHZFJhx845iz5CRWDZdCfvkZOpACWc5+c5WHcG24mv8gUT1WIdFQaHt6dq79rvILd9QnCWiyVm9g==

"@vueuse/shared@14.4.0":
  version "14.4.0"
  resolved "https://registry.yarnpkg.com/@vueuse/shared/-/shared-14.4.0.tgz#4e89813c7859d153d48c03d74bff78739f96723b"
  integrity sha512-JRgY90Sz8DDtPMsaDflvPMp9xYk69JZAmbuDvAquUVXKr2gEjqtzGNTTthLfckH0BzBqvnu31gb4a8TGLRe79g==
