# THIS IS AN AUTOGENERATED FILE. DO NOT EDIT THIS FILE DIRECTLY.
# yarn lockfile v1


"@types/web-bluetooth@^0.0.21":
  version "0.0.21"
  resolved "https://registry.yarnpkg.com/@types/web-bluetooth/-/web-bluetooth-0.0.21.tgz#525433c784aed9b457aaa0ee3d92aeb71f346b63"
  integrity sha512-oIQLCGWtcFZy2JW77j9k8nHzAOpqMHLQejDA48XXMWH6tjCQHz5RCFz1bzsmROyL6PUm+LLnUiI4BCn221inxA==

"@vueuse/core@^13.8.0":
  version "13.9.0"
  resolved "https://registry.yarnpkg.com/@vueuse/core/-/core-13.9.0.tgz#051aeff47a259e9e4d7d0cc3e54879817b0cbcad"
  integrity sha512-ts3regBQyURfCE2BcytLqzm8+MmLlo5Ln/KLoxDVcsZ2gzIwVNnQpQOL/UKV8alUqjSZOlpFZcRNsLRqj+OzyA==
  dependencies:
    "@types/web-bluetooth" "^0.0.21"
    "@vueuse/metadata" "13.9.0"
    "@vueuse/shared" "13.9.0"

"@vueuse/metadata@13.9.0":
  version "13.9.0"
  resolved "https://registry.yarnpkg.com/@vueuse/metadata/-/metadata-13.9.0.tgz#57c738d99661c33347080c0bc4cd11160e0d0881"
  integrity sha512-1AFRvuiGphfF7yWixZa0KwjYH8ulyjDCC0aFgrGRz8+P4kvDFSdXLVfTk5xAN9wEuD1J6z4/myMoYbnHoX07zg==

"@vueuse/shared@13.9.0":
  version "13.9.0"
  resolved "https://registry.yarnpkg.com/@vueuse/shared/-/shared-13.9.0.tgz#7168b4ed647e625b05eb4e7e80fe8aabd00e3923"
  integrity sha512-e89uuTLMh0U5cZ9iDpEI2senqPGfbPRTHM/0AaQkcxnpqjkZqDYP8rpfm7edOz8s+pOCOROEy1PIveSW8+fL5g==
